
Microsoft Visual Studio Solution File, Format Version 12.00
# Visual Studio Version 17
VisualStudioVersion = 17.8.34330.188
MinimumVisualStudioVersion = 10.0.40219.1
Project("{FAE04EC0-301F-11D3-BF4B-00C04F79EFBC}") = "lab-1", "lab-1\lab-1.csproj", "{F472DEA9-3855-44AB-9D10-51840AA42C77}"
EndProject
Global
	GlobalSection(SolutionConfigurationPlatforms) = preSolution
		Debug|Any CPU = Debug|Any CPU
		Release|Any CPU = Release|Any CPU
	EndGlobalSection
	GlobalSection(ProjectConfigurationPlatforms) = postSolution
		{F472DEA9-3855-44AB-9D10-51840AA42C77}.Debug|Any CPU.ActiveCfg = Debug|Any CPU
		{F472DEA9-3855-44AB-9D10-51840AA42C77}.Debug|Any CPU.Build.0 = Debug|Any CPU
		{F472DEA9-3855-44AB-9D10-51840AA42C77}.Release|Any CPU.ActiveCfg = Release|Any CPU
		{F472DEA9-3855-44AB-9D10-51840AA42C77}.Release|Any CPU.Build.0 = Release|Any CPU
	EndGlobalSection
	GlobalSection(SolutionProperties) = preSolution
		HideSolutionNode = FALSE
	EndGlobalSection
	GlobalSection(ExtensibilityGlobals) = postSolution
		SolutionGuid = {5AB90655-6C2E-4D85-8CF8-4FC2FA40F09A}
	EndGlobalSection
EndGlobal
