
Microsoft Visual Studio Solution File, Format Version 12.00
# Visual Studio Version 17
VisualStudioVersion = 17.8.34330.188
MinimumVisualStudioVersion = 10.0.40219.1
Project("{FAE04EC0-301F-11D3-BF4B-00C04F79EFBC}") = "chain", "lab-4\chain.csproj", "{3972A152-81A3-4A00-A921-944F9D069559}"
EndProject
Project("{FAE04EC0-301F-11D3-BF4B-00C04F79EFBC}") = "Refactoring", "Refactoring\Refactoring.csproj", "{2A1D4E4C-875A-4551-9FB6-27E0110A3D36}"
EndProject
Project("{FAE04EC0-301F-11D3-BF4B-00C04F79EFBC}") = "Memento", "Memento\Memento.csproj", "{926A418F-F921-4BD3-AD9A-9E13888B3954}"
EndProject
Global
	GlobalSection(SolutionConfigurationPlatforms) = preSolution
		Debug|Any CPU = Debug|Any CPU
		Release|Any CPU = Release|Any CPU
	EndGlobalSection
	GlobalSection(ProjectConfigurationPlatforms) = postSolution
		{3972A152-81A3-4A00-A921-944F9D069559}.Debug|Any CPU.ActiveCfg = Debug|Any CPU
		{3972A152-81A3-4A00-A921-944F9D069559}.Debug|Any CPU.Build.0 = Debug|Any CPU
		{3972A152-81A3-4A00-A921-944F9D069559}.Release|Any CPU.ActiveCfg = Release|Any CPU
		{3972A152-81A3-4A00-A921-944F9D069559}.Release|Any CPU.Build.0 = Release|Any CPU
		{2A1D4E4C-875A-4551-9FB6-27E0110A3D36}.Debug|Any CPU.ActiveCfg = Debug|Any CPU
		{2A1D4E4C-875A-4551-9FB6-27E0110A3D36}.Debug|Any CPU.Build.0 = Debug|Any CPU
		{2A1D4E4C-875A-4551-9FB6-27E0110A3D36}.Release|Any CPU.ActiveCfg = Release|Any CPU
		{2A1D4E4C-875A-4551-9FB6-27E0110A3D36}.Release|Any CPU.Build.0 = Release|Any CPU
		{926A418F-F921-4BD3-AD9A-9E13888B3954}.Debug|Any CPU.ActiveCfg = Debug|Any CPU
		{926A418F-F921-4BD3-AD9A-9E13888B3954}.Debug|Any CPU.Build.0 = Debug|Any CPU
		{926A418F-F921-4BD3-AD9A-9E13888B3954}.Release|Any CPU.ActiveCfg = Release|Any CPU
		{926A418F-F921-4BD3-AD9A-9E13888B3954}.Release|Any CPU.Build.0 = Release|Any CPU
	EndGlobalSection
	GlobalSection(SolutionProperties) = preSolution
		HideSolutionNode = FALSE
	EndGlobalSection
	GlobalSection(ExtensibilityGlobals) = postSolution
		SolutionGuid = {5D4BF797-51F8-42DE-8854-B1D3AAA929DB}
	EndGlobalSection
EndGlobal
